
Microsoft Visual Studio Solution File, Format Version 12.00
# Visual Studio Version 17
VisualStudioVersion = 17.3.32929.385
MinimumVisualStudioVersion = 10.0.40219.1
Project("{FAE04EC0-301F-11D3-BF4B-00C04F79EFBC}") = "Projeto_de_testes", "Projeto_de_testes\Projeto_de_testes.csproj", "{A9E951A9-4D8F-4ABC-8A59-F54EAD65A795}"
EndProject
Project("{FAE04EC0-301F-11D3-BF4B-00C04F79EFBC}") = "TestMSTest", "TestMSTest\TestMSTest.csproj", "{3AFA2F62-8443-40D1-B817-77C153B3BA89}"
EndProject
Project("{FAE04EC0-301F-11D3-BF4B-00C04F79EFBC}") = "TestXunit", "TestXunit\TestXunit.csproj", "{28B846BD-610F-4BE9-B063-F14A2096CBFB}"
EndProject
Global
	GlobalSection(SolutionConfigurationPlatforms) = preSolution
		Debug|Any CPU = Debug|Any CPU
		Release|Any CPU = Release|Any CPU
	EndGlobalSection
	GlobalSection(ProjectConfigurationPlatforms) = postSolution
		{A9E951A9-4D8F-4ABC-8A59-F54EAD65A795}.Debug|Any CPU.ActiveCfg = Debug|Any CPU
		{A9E951A9-4D8F-4ABC-8A59-F54EAD65A795}.Debug|Any CPU.Build.0 = Debug|Any CPU
		{A9E951A9-4D8F-4ABC-8A59-F54EAD65A795}.Release|Any CPU.ActiveCfg = Release|Any CPU
		{A9E951A9-4D8F-4ABC-8A59-F54EAD65A795}.Release|Any CPU.Build.0 = Release|Any CPU
		{3AFA2F62-8443-40D1-B817-77C153B3BA89}.Debug|Any CPU.ActiveCfg = Debug|Any CPU
		{3AFA2F62-8443-40D1-B817-77C153B3BA89}.Debug|Any CPU.Build.0 = Debug|Any CPU
		{3AFA2F62-8443-40D1-B817-77C153B3BA89}.Release|Any CPU.ActiveCfg = Release|Any CPU
		{3AFA2F62-8443-40D1-B817-77C153B3BA89}.Release|Any CPU.Build.0 = Release|Any CPU
		{28B846BD-610F-4BE9-B063-F14A2096CBFB}.Debug|Any CPU.ActiveCfg = Debug|Any CPU
		{28B846BD-610F-4BE9-B063-F14A2096CBFB}.Debug|Any CPU.Build.0 = Debug|Any CPU
		{28B846BD-610F-4BE9-B063-F14A2096CBFB}.Release|Any CPU.ActiveCfg = Release|Any CPU
		{28B846BD-610F-4BE9-B063-F14A2096CBFB}.Release|Any CPU.Build.0 = Release|Any CPU
	EndGlobalSection
	GlobalSection(SolutionProperties) = preSolution
		HideSolutionNode = FALSE
	EndGlobalSection
	GlobalSection(ExtensibilityGlobals) = postSolution
		SolutionGuid = {0AB2D47C-5F5A-4ACA-B292-4BF409BD2EA7}
	EndGlobalSection
EndGlobal
